
Microsoft Visual Studio Solution File, Format Version 12.00
# Visual Studio 15
VisualStudioVersion = 15.0.28010.2041
MinimumVisualStudioVersion = 10.0.40219.1
Project("{FAE04EC0-301F-11D3-BF4B-00C04F79EFBC}") = "TravelRecordApp.Android", "TravelRecordApp\TravelRecordApp.Android\TravelRecordApp.Android.csproj", "{6AED8C24-60B3-4FE1-A08F-E0559D904CA9}"
EndProject
Project("{FAE04EC0-301F-11D3-BF4B-00C04F79EFBC}") = "TravelRecordApp.iOS", "TravelRecordApp\TravelRecordApp.iOS\TravelRecordApp.iOS.csproj", "{93AE5059-498E-405D-AD78-307C066D8689}"
EndProject
Project("{9A19103F-16F7-4668-BE54-9A1E7A4F7556}") = "TravelRecordApp", "TravelRecordApp\TravelRecordApp\TravelRecordApp.csproj", "{5CC83A16-18D8-4239-93FC-63501C99F231}"
EndProject
Global
	GlobalSection(SolutionConfigurationPlatforms) = preSolution
		Ad-Hoc|Any CPU = Ad-Hoc|Any CPU
		Ad-Hoc|iPhone = Ad-Hoc|iPhone
		Ad-Hoc|iPhoneSimulator = Ad-Hoc|iPhoneSimulator
		AppStore|Any CPU = AppStore|Any CPU
		AppStore|iPhone = AppStore|iPhone
		AppStore|iPhoneSimulator = AppStore|iPhoneSimulator
		Debug|Any CPU = Debug|Any CPU
		Debug|iPhone = Debug|iPhone
		Debug|iPhoneSimulator = Debug|iPhoneSimulator
		Release|Any CPU = Release|Any CPU
		Release|iPhone = Release|iPhone
		Release|iPhoneSimulator = Release|iPhoneSimulator
	EndGlobalSection
	GlobalSection(ProjectConfigurationPlatforms) = postSolution
		{6AED8C24-60B3-4FE1-A08F-E0559D904CA9}.Ad-Hoc|Any CPU.ActiveCfg = Release|Any CPU
		{6AED8C24-60B3-4FE1-A08F-E0559D904CA9}.Ad-Hoc|Any CPU.Build.0 = Release|Any CPU
		{6AED8C24-60B3-4FE1-A08F-E0559D904CA9}.Ad-Hoc|Any CPU.Deploy.0 = Release|Any CPU
		{6AED8C24-60B3-4FE1-A08F-E0559D904CA9}.Ad-Hoc|iPhone.ActiveCfg = Release|Any CPU
		{6AED8C24-60B3-4FE1-A08F-E0559D904CA9}.Ad-Hoc|iPhone.Build.0 = Release|Any CPU
		{6AED8C24-60B3-4FE1-A08F-E0559D904CA9}.Ad-Hoc|iPhone.Deploy.0 = Release|Any CPU
		{6AED8C24-60B3-4FE1-A08F-E0559D904CA9}.Ad-Hoc|iPhoneSimulator.ActiveCfg = Release|Any CPU
		{6AED8C24-60B3-4FE1-A08F-E0559D904CA9}.Ad-Hoc|iPhoneSimulator.Build.0 = Release|Any CPU
		{6AED8C24-60B3-4FE1-A08F-E0559D904CA9}.Ad-Hoc|iPhoneSimulator.Deploy.0 = Release|Any CPU
		{6AED8C24-60B3-4FE1-A08F-E0559D904CA9}.AppStore|Any CPU.ActiveCfg = Release|Any CPU
		{6AED8C24-60B3-4FE1-A08F-E0559D904CA9}.AppStore|Any CPU.Build.0 = Release|Any CPU
		{6AED8C24-60B3-4FE1-A08F-E0559D904CA9}.AppStore|Any CPU.Deploy.0 = Release|Any CPU
		{6AED8C24-60B3-4FE1-A08F-E0559D904CA9}.AppStore|iPhone.ActiveCfg = Release|Any CPU
		{6AED8C24-60B3-4FE1-A08F-E0559D904CA9}.AppStore|iPhone.Build.0 = Release|Any CPU
		{6AED8C24-60B3-4FE1-A08F-E0559D904CA9}.AppStore|iPhone.Deploy.0 = Release|Any CPU
		{6AED8C24-60B3-4FE1-A08F-E0559D904CA9}.AppStore|iPhoneSimulator.ActiveCfg = Release|Any CPU
		{6AED8C24-60B3-4FE1-A08F-E0559D904CA9}.AppStore|iPhoneSimulator.Build.0 = Release|Any CPU
		{6AED8C24-60B3-4FE1-A08F-E0559D904CA9}.AppStore|iPhoneSimulator.Deploy.0 = Release|Any CPU
		{6AED8C24-60B3-4FE1-A08F-E0559D904CA9}.Debug|Any CPU.ActiveCfg = Debug|Any CPU
		{6AED8C24-60B3-4FE1-A08F-E0559D904CA9}.Debug|Any CPU.Build.0 = Debug|Any CPU
		{6AED8C24-60B3-4FE1-A08F-E0559D904CA9}.Debug|Any CPU.Deploy.0 = Debug|Any CPU
		{6AED8C24-60B3-4FE1-A08F-E0559D904CA9}.Debug|iPhone.ActiveCfg = Debug|Any CPU
		{6AED8C24-60B3-4FE1-A08F-E0559D904CA9}.Debug|iPhone.Build.0 = Debug|Any CPU
		{6AED8C24-60B3-4FE1-A08F-E0559D904CA9}.Debug|iPhone.Deploy.0 = Debug|Any CPU
		{6AED8C24-60B3-4FE1-A08F-E0559D904CA9}.Debug|iPhoneSimulator.ActiveCfg = Debug|Any CPU
		{6AED8C24-60B3-4FE1-A08F-E0559D904CA9}.Debug|iPhoneSimulator.Build.0 = Debug|Any CPU
		{6AED8C24-60B3-4FE1-A08F-E0559D904CA9}.Debug|iPhoneSimulator.Deploy.0 = Debug|Any CPU
		{6AED8C24-60B3-4FE1-A08F-E0559D904CA9}.Release|Any CPU.ActiveCfg = Release|Any CPU
		{6AED8C24-60B3-4FE1-A08F-E0559D904CA9}.Release|Any CPU.Build.0 = Release|Any CPU
		{6AED8C24-60B3-4FE1-A08F-E0559D904CA9}.Release|Any CPU.Deploy.0 = Release|Any CPU
		{6AED8C24-60B3-4FE1-A08F-E0559D904CA9}.Release|iPhone.ActiveCfg = Release|Any CPU
		{6AED8C24-60B3-4FE1-A08F-E0559D904CA9}.Release|iPhone.Build.0 = Release|Any CPU
		{6AED8C24-60B3-4FE1-A08F-E0559D904CA9}.Release|iPhone.Deploy.0 = Release|Any CPU
		{6AED8C24-60B3-4FE1-A08F-E0559D904CA9}.Release|iPhoneSimulator.ActiveCfg = Release|Any CPU
		{6AED8C24-60B3-4FE1-A08F-E0559D904CA9}.Release|iPhoneSimulator.Build.0 = Release|Any CPU
		{6AED8C24-60B3-4FE1-A08F-E0559D904CA9}.Release|iPhoneSimulator.Deploy.0 = Release|Any CPU
		{93AE5059-498E-405D-AD78-307C066D8689}.Ad-Hoc|Any CPU.ActiveCfg = Ad-Hoc|iPhone
		{93AE5059-498E-405D-AD78-307C066D8689}.Ad-Hoc|Any CPU.Build.0 = Ad-Hoc|iPhone
		{93AE5059-498E-405D-AD78-307C066D8689}.Ad-Hoc|Any CPU.Deploy.0 = Ad-Hoc|iPhone
		{93AE5059-498E-405D-AD78-307C066D8689}.Ad-Hoc|iPhone.ActiveCfg = Ad-Hoc|iPhone
		{93AE5059-498E-405D-AD78-307C066D8689}.Ad-Hoc|iPhone.Build.0 = Ad-Hoc|iPhone
		{93AE5059-498E-405D-AD78-307C066D8689}.Ad-Hoc|iPhone.Deploy.0 = Ad-Hoc|iPhone
		{93AE5059-498E-405D-AD78-307C066D8689}.Ad-Hoc|iPhoneSimulator.ActiveCfg = Ad-Hoc|iPhoneSimulator
		{93AE5059-498E-405D-AD78-307C066D8689}.Ad-Hoc|iPhoneSimulator.Build.0 = Ad-Hoc|iPhoneSimulator
		{93AE5059-498E-405D-AD78-307C066D8689}.Ad-Hoc|iPhoneSimulator.Deploy.0 = Ad-Hoc|iPhoneSimulator
		{93AE5059-498E-405D-AD78-307C066D8689}.AppStore|Any CPU.ActiveCfg = AppStore|iPhone
		{93AE5059-498E-405D-AD78-307C066D8689}.AppStore|Any CPU.Build.0 = AppStore|iPhone
		{93AE5059-498E-405D-AD78-307C066D8689}.AppStore|Any CPU.Deploy.0 = AppStore|iPhone
		{93AE5059-498E-405D-AD78-307C066D8689}.AppStore|iPhone.ActiveCfg = AppStore|iPhone
		{93AE5059-498E-405D-AD78-307C066D8689}.AppStore|iPhone.Build.0 = AppStore|iPhone
		{93AE5059-498E-405D-AD78-307C066D8689}.AppStore|iPhone.Deploy.0 = AppStore|iPhone
		{93AE5059-498E-405D-AD78-307C066D8689}.AppStore|iPhoneSimulator.ActiveCfg = AppStore|iPhoneSimulator
		{93AE5059-498E-405D-AD78-307C066D8689}.AppStore|iPhoneSimulator.Build.0 = AppStore|iPhoneSimulator
		{93AE5059-498E-405D-AD78-307C066D8689}.AppStore|iPhoneSimulator.Deploy.0 = AppStore|iPhoneSimulator
		{93AE5059-498E-405D-AD78-307C066D8689}.Debug|Any CPU.ActiveCfg = Debug|iPhoneSimulator
		{93AE5059-498E-405D-AD78-307C066D8689}.Debug|Any CPU.Build.0 = Debug|iPhoneSimulator
		{93AE5059-498E-405D-AD78-307C066D8689}.Debug|Any CPU.Deploy.0 = Debug|iPhoneSimulator
		{93AE5059-498E-405D-AD78-307C066D8689}.Debug|iPhone.ActiveCfg = Debug|iPhone
		{93AE5059-498E-405D-AD78-307C066D8689}.Debug|iPhone.Build.0 = Debug|iPhone
		{93AE5059-498E-405D-AD78-307C066D8689}.Debug|iPhone.Deploy.0 = Debug|iPhone
		{93AE5059-498E-405D-AD78-307C066D8689}.Debug|iPhoneSimulator.ActiveCfg = Debug|iPhoneSimulator
		{93AE5059-498E-405D-AD78-307C066D8689}.Debug|iPhoneSimulator.Build.0 = Debug|iPhoneSimulator
		{93AE5059-498E-405D-AD78-307C066D8689}.Debug|iPhoneSimulator.Deploy.0 = Debug|iPhoneSimulator
		{93AE5059-498E-405D-AD78-307C066D8689}.Release|Any CPU.ActiveCfg = Release|iPhone
		{93AE5059-498E-405D-AD78-307C066D8689}.Release|Any CPU.Build.0 = Release|iPhone
		{93AE5059-498E-405D-AD78-307C066D8689}.Release|Any CPU.Deploy.0 = Release|iPhone
		{93AE5059-498E-405D-AD78-307C066D8689}.Release|iPhone.ActiveCfg = Release|iPhone
		{93AE5059-498E-405D-AD78-307C066D8689}.Release|iPhone.Build.0 = Release|iPhone
		{93AE5059-498E-405D-AD78-307C066D8689}.Release|iPhone.Deploy.0 = Release|iPhone
		{93AE5059-498E-405D-AD78-307C066D8689}.Release|iPhoneSimulator.ActiveCfg = Release|iPhoneSimulator
		{93AE5059-498E-405D-AD78-307C066D8689}.Release|iPhoneSimulator.Build.0 = Release|iPhoneSimulator
		{93AE5059-498E-405D-AD78-307C066D8689}.Release|iPhoneSimulator.Deploy.0 = Release|iPhoneSimulator
		{5CC83A16-18D8-4239-93FC-63501C99F231}.Ad-Hoc|Any CPU.ActiveCfg = Debug|Any CPU
		{5CC83A16-18D8-4239-93FC-63501C99F231}.Ad-Hoc|Any CPU.Build.0 = Debug|Any CPU
		{5CC83A16-18D8-4239-93FC-63501C99F231}.Ad-Hoc|iPhone.ActiveCfg = Debug|Any CPU
		{5CC83A16-18D8-4239-93FC-63501C99F231}.Ad-Hoc|iPhone.Build.0 = Debug|Any CPU
		{5CC83A16-18D8-4239-93FC-63501C99F231}.Ad-Hoc|iPhoneSimulator.ActiveCfg = Debug|Any CPU
		{5CC83A16-18D8-4239-93FC-63501C99F231}.Ad-Hoc|iPhoneSimulator.Build.0 = Debug|Any CPU
		{5CC83A16-18D8-4239-93FC-63501C99F231}.AppStore|Any CPU.ActiveCfg = Debug|Any CPU
		{5CC83A16-18D8-4239-93FC-63501C99F231}.AppStore|Any CPU.Build.0 = Debug|Any CPU
		{5CC83A16-18D8-4239-93FC-63501C99F231}.AppStore|iPhone.ActiveCfg = Debug|Any CPU
		{5CC83A16-18D8-4239-93FC-63501C99F231}.AppStore|iPhone.Build.0 = Debug|Any CPU
		{5CC83A16-18D8-4239-93FC-63501C99F231}.AppStore|iPhoneSimulator.ActiveCfg = Debug|Any CPU
		{5CC83A16-18D8-4239-93FC-63501C99F231}.AppStore|iPhoneSimulator.Build.0 = Debug|Any CPU
		{5CC83A16-18D8-4239-93FC-63501C99F231}.Debug|Any CPU.ActiveCfg = Debug|Any CPU
		{5CC83A16-18D8-4239-93FC-63501C99F231}.Debug|Any CPU.Build.0 = Debug|Any CPU
		{5CC83A16-18D8-4239-93FC-63501C99F231}.Debug|iPhone.ActiveCfg = Debug|Any CPU
		{5CC83A16-18D8-4239-93FC-63501C99F231}.Debug|iPhone.Build.0 = Debug|Any CPU
		{5CC83A16-18D8-4239-93FC-63501C99F231}.Debug|iPhoneSimulator.ActiveCfg = Debug|Any CPU
		{5CC83A16-18D8-4239-93FC-63501C99F231}.Debug|iPhoneSimulator.Build.0 = Debug|Any CPU
		{5CC83A16-18D8-4239-93FC-63501C99F231}.Release|Any CPU.ActiveCfg = Release|Any CPU
		{5CC83A16-18D8-4239-93FC-63501C99F231}.Release|Any CPU.Build.0 = Release|Any CPU
		{5CC83A16-18D8-4239-93FC-63501C99F231}.Release|iPhone.ActiveCfg = Release|Any CPU
		{5CC83A16-18D8-4239-93FC-63501C99F231}.Release|iPhone.Build.0 = Release|Any CPU
		{5CC83A16-18D8-4239-93FC-63501C99F231}.Release|iPhoneSimulator.ActiveCfg = Release|Any CPU
		{5CC83A16-18D8-4239-93FC-63501C99F231}.Release|iPhoneSimulator.Build.0 = Release|Any CPU
	EndGlobalSection
	GlobalSection(SolutionProperties) = preSolution
		HideSolutionNode = FALSE
	EndGlobalSection
	GlobalSection(ExtensibilityGlobals) = postSolution
		SolutionGuid = {7890A2BC-B171-4D21-A3D6-FFDE3D627D9B}
	EndGlobalSection
EndGlobal
